
Microsoft Visual Studio Solution File, Format Version 11.00
# Visual Studio 2010
Project("{FAE04EC0-301F-11D3-BF4B-00C04F79EFBC}") = "GrowthWareFramework", "GrowthWareFramework\GrowthWareFramework.csproj", "{ED629BC1-91AD-44AF-80D9-7DE7DBC3E17D}"
EndProject
Project("{FAE04EC0-301F-11D3-BF4B-00C04F79EFBC}") = "GrowthWareFrameworkWeb", "GrowthWareFrameworkWeb\GrowthWareFrameworkWeb.csproj", "{A987D70C-889E-4797-BD59-7AE4C8F91453}"
EndProject
Project("{FAE04EC0-301F-11D3-BF4B-00C04F79EFBC}") = "GrowthWareFrameworkModel", "GrowthWareFrameworkModel\GrowthWareFrameworkModel.csproj", "{0353EB33-B76E-4761-AA00-EB619F080EF5}"
EndProject
Project("{FAE04EC0-301F-11D3-BF4B-00C04F79EFBC}") = "GrowthWare.CoreWeb", "GrowthWare.CoreWeb\GrowthWare.CoreWeb.csproj", "{97D51C28-84F2-4FFB-9629-F76F4FA62F9B}"
	ProjectSection(ProjectDependencies) = postProject
		{A987D70C-889E-4797-BD59-7AE4C8F91453} = {A987D70C-889E-4797-BD59-7AE4C8F91453}
		{0353EB33-B76E-4761-AA00-EB619F080EF5} = {0353EB33-B76E-4761-AA00-EB619F080EF5}
		{ED629BC1-91AD-44AF-80D9-7DE7DBC3E17D} = {ED629BC1-91AD-44AF-80D9-7DE7DBC3E17D}
	EndProjectSection
EndProject
Global
	GlobalSection(SubversionScc) = preSolution
		Svn-Managed = True
		Manager = AnkhSVN - Subversion Support for Visual Studio
	EndGlobalSection
	GlobalSection(SolutionConfigurationPlatforms) = preSolution
		Debug|Any CPU = Debug|Any CPU
		Release|Any CPU = Release|Any CPU
	EndGlobalSection
	GlobalSection(ProjectConfigurationPlatforms) = postSolution
		{ED629BC1-91AD-44AF-80D9-7DE7DBC3E17D}.Debug|Any CPU.ActiveCfg = Debug|Any CPU
		{ED629BC1-91AD-44AF-80D9-7DE7DBC3E17D}.Debug|Any CPU.Build.0 = Debug|Any CPU
		{ED629BC1-91AD-44AF-80D9-7DE7DBC3E17D}.Release|Any CPU.ActiveCfg = Release|Any CPU
		{ED629BC1-91AD-44AF-80D9-7DE7DBC3E17D}.Release|Any CPU.Build.0 = Release|Any CPU
		{A987D70C-889E-4797-BD59-7AE4C8F91453}.Debug|Any CPU.ActiveCfg = Debug|Any CPU
		{A987D70C-889E-4797-BD59-7AE4C8F91453}.Debug|Any CPU.Build.0 = Debug|Any CPU
		{A987D70C-889E-4797-BD59-7AE4C8F91453}.Release|Any CPU.ActiveCfg = Release|Any CPU
		{A987D70C-889E-4797-BD59-7AE4C8F91453}.Release|Any CPU.Build.0 = Release|Any CPU
		{0353EB33-B76E-4761-AA00-EB619F080EF5}.Debug|Any CPU.ActiveCfg = Debug|Any CPU
		{0353EB33-B76E-4761-AA00-EB619F080EF5}.Debug|Any CPU.Build.0 = Debug|Any CPU
		{0353EB33-B76E-4761-AA00-EB619F080EF5}.Release|Any CPU.ActiveCfg = Release|Any CPU
		{0353EB33-B76E-4761-AA00-EB619F080EF5}.Release|Any CPU.Build.0 = Release|Any CPU
		{97D51C28-84F2-4FFB-9629-F76F4FA62F9B}.Debug|Any CPU.ActiveCfg = Debug|Any CPU
		{97D51C28-84F2-4FFB-9629-F76F4FA62F9B}.Debug|Any CPU.Build.0 = Debug|Any CPU
		{97D51C28-84F2-4FFB-9629-F76F4FA62F9B}.Release|Any CPU.ActiveCfg = Release|Any CPU
		{97D51C28-84F2-4FFB-9629-F76F4FA62F9B}.Release|Any CPU.Build.0 = Release|Any CPU
	EndGlobalSection
	GlobalSection(SolutionProperties) = preSolution
		HideSolutionNode = FALSE
	EndGlobalSection
EndGlobal
