
Microsoft Visual Studio Solution File, Format Version 12.00
# Visual Studio 2013
VisualStudioVersion = 12.0.31101.0
MinimumVisualStudioVersion = 10.0.40219.1
Project("{FAE04EC0-301F-11D3-BF4B-00C04F79EFBC}") = "GrowthWare.Framework", "GrowthWare.Framework\GrowthWare.Framework.csproj", "{F12FECFD-D955-4F31-B7A6-E4EF8D88DE9D}"
EndProject
Project("{FAE04EC0-301F-11D3-BF4B-00C04F79EFBC}") = "GrowthWare.Framework.BusinessData", "GrowthWare.Framework.BusinessData\GrowthWare.Framework.BusinessData.csproj", "{6FBBCB61-2D21-4D8E-958E-30683DB4E833}"
EndProject
Project("{FAE04EC0-301F-11D3-BF4B-00C04F79EFBC}") = "GrowthWare.WebSupport", "GrowthWare.WebSupport\GrowthWare.WebSupport.csproj", "{0C246309-844C-4FF0-8083-884E2AABD537}"
EndProject
Project("{2150E333-8FDC-42A3-9474-1A3956D46DE8}") = "Solution Items", "Solution Items", "{3F452921-8AE4-48C0-8C68-A664605DDA56}"
EndProject
Project("{FAE04EC0-301F-11D3-BF4B-00C04F79EFBC}") = "GrowthWare.WebApplication.Tests", "GrowthWare.WebApplication.Tests\GrowthWare.WebApplication.Tests.csproj", "{248C35A2-C115-45EA-9BD7-1460DD0712DB}"
	ProjectSection(ProjectDependencies) = postProject
		{EC70E7DE-8A2A-41EA-8F4F-25FF4B0F835B} = {EC70E7DE-8A2A-41EA-8F4F-25FF4B0F835B}
	EndProjectSection
EndProject
Project("{FAE04EC0-301F-11D3-BF4B-00C04F79EFBC}") = "GrowthWare.WebApplication", "GrowthWare.WebApplication\GrowthWare.WebApplication.csproj", "{EC70E7DE-8A2A-41EA-8F4F-25FF4B0F835B}"
	ProjectSection(ProjectDependencies) = postProject
		{0C246309-844C-4FF0-8083-884E2AABD537} = {0C246309-844C-4FF0-8083-884E2AABD537}
	EndProjectSection
EndProject
Global
	GlobalSection(SubversionScc) = preSolution
		Svn-Managed = True
		Manager = AnkhSVN - Subversion Support for Visual Studio
	EndGlobalSection
	GlobalSection(SolutionConfigurationPlatforms) = preSolution
		Debug|Any CPU = Debug|Any CPU
		Release|Any CPU = Release|Any CPU
	EndGlobalSection
	GlobalSection(ProjectConfigurationPlatforms) = postSolution
		{F12FECFD-D955-4F31-B7A6-E4EF8D88DE9D}.Debug|Any CPU.ActiveCfg = Debug|Any CPU
		{F12FECFD-D955-4F31-B7A6-E4EF8D88DE9D}.Debug|Any CPU.Build.0 = Debug|Any CPU
		{F12FECFD-D955-4F31-B7A6-E4EF8D88DE9D}.Release|Any CPU.ActiveCfg = Release|Any CPU
		{F12FECFD-D955-4F31-B7A6-E4EF8D88DE9D}.Release|Any CPU.Build.0 = Release|Any CPU
		{6FBBCB61-2D21-4D8E-958E-30683DB4E833}.Debug|Any CPU.ActiveCfg = Debug|Any CPU
		{6FBBCB61-2D21-4D8E-958E-30683DB4E833}.Debug|Any CPU.Build.0 = Debug|Any CPU
		{6FBBCB61-2D21-4D8E-958E-30683DB4E833}.Release|Any CPU.ActiveCfg = Release|Any CPU
		{6FBBCB61-2D21-4D8E-958E-30683DB4E833}.Release|Any CPU.Build.0 = Release|Any CPU
		{0C246309-844C-4FF0-8083-884E2AABD537}.Debug|Any CPU.ActiveCfg = Debug|Any CPU
		{0C246309-844C-4FF0-8083-884E2AABD537}.Debug|Any CPU.Build.0 = Debug|Any CPU
		{0C246309-844C-4FF0-8083-884E2AABD537}.Release|Any CPU.ActiveCfg = Release|Any CPU
		{0C246309-844C-4FF0-8083-884E2AABD537}.Release|Any CPU.Build.0 = Release|Any CPU
		{248C35A2-C115-45EA-9BD7-1460DD0712DB}.Debug|Any CPU.ActiveCfg = Debug|Any CPU
		{248C35A2-C115-45EA-9BD7-1460DD0712DB}.Release|Any CPU.ActiveCfg = Release|Any CPU
		{248C35A2-C115-45EA-9BD7-1460DD0712DB}.Release|Any CPU.Build.0 = Release|Any CPU
		{EC70E7DE-8A2A-41EA-8F4F-25FF4B0F835B}.Debug|Any CPU.ActiveCfg = Debug|Any CPU
		{EC70E7DE-8A2A-41EA-8F4F-25FF4B0F835B}.Debug|Any CPU.Build.0 = Debug|Any CPU
		{EC70E7DE-8A2A-41EA-8F4F-25FF4B0F835B}.Release|Any CPU.ActiveCfg = Release|Any CPU
		{EC70E7DE-8A2A-41EA-8F4F-25FF4B0F835B}.Release|Any CPU.Build.0 = Release|Any CPU
	EndGlobalSection
	GlobalSection(SolutionProperties) = preSolution
		HideSolutionNode = FALSE
	EndGlobalSection
EndGlobal
